
Microsoft Visual Studio Solution File, Format Version 12.00
# Visual Studio 15
VisualStudioVersion = 15.0.28010.2046
MinimumVisualStudioVersion = 10.0.40219.1
Project("{FAE04EC0-301F-11D3-BF4B-00C04F79EFBC}") = "ComputerAssistedInstruction", "ComputerAssistedInstruction\ComputerAssistedInstruction.csproj", "{8FC612CE-4FC0-42B4-9375-000AF0218E9D}"
EndProject
Global
	GlobalSection(SolutionConfigurationPlatforms) = preSolution
		Debug|Any CPU = Debug|Any CPU
		Release|Any CPU = Release|Any CPU
	EndGlobalSection
	GlobalSection(ProjectConfigurationPlatforms) = postSolution
		{8FC612CE-4FC0-42B4-9375-000AF0218E9D}.Debug|Any CPU.ActiveCfg = Debug|Any CPU
		{8FC612CE-4FC0-42B4-9375-000AF0218E9D}.Debug|Any CPU.Build.0 = Debug|Any CPU
		{8FC612CE-4FC0-42B4-9375-000AF0218E9D}.Release|Any CPU.ActiveCfg = Release|Any CPU
		{8FC612CE-4FC0-42B4-9375-000AF0218E9D}.Release|Any CPU.Build.0 = Release|Any CPU
	EndGlobalSection
	GlobalSection(SolutionProperties) = preSolution
		HideSolutionNode = FALSE
	EndGlobalSection
	GlobalSection(ExtensibilityGlobals) = postSolution
		SolutionGuid = {FA482F1D-C0E2-4730-8689-65FFE6673418}
	EndGlobalSection
EndGlobal
